{
  "nodes": {
    "fenix": {
      "inputs": {
        "nixpkgs": [
          "nixpkgs"
        ],
        "rust-analyzer-src": "rust-analyzer-src"
      },
      "locked": {
        "lastModified": 1686550934,
        "narHash": "sha256-lrVnI6o5IO/03vMUmVo72Zolzdee5ewjo82iu1KSLYM=",
        "owner": "nix-community",
        "repo": "fenix",
        "rev": "75b8b8463ed9a41dc446c109ce6d615d15dff571",
        "type": "github"
      },
      "original": {
        "owner": "nix-community",
        "repo": "fenix",
        "type": "github"
      }
    },
    "flake-utils": {
      "inputs": {
        "systems": "systems"
      },
      "locked": {
        "lastModified": 1685518550,
        "narHash": "sha256-o2d0KcvaXzTrPRIo0kOLV0/QXHhDQ5DTi+OxcjO8xqY=",
        "owner": "numtide",
        "repo": "flake-utils",
        "rev": "a1720a10a6cfe8234c0e93907ffe81be440f4cef",
        "type": "github"
      },
      "original": {
        "owner": "numtide",
        "repo": "flake-utils",
        "type": "github"
      }
    },
    "naersk": {
      "inputs": {
        "nixpkgs": "nixpkgs"
      },
      "locked": {
        "lastModified": 1686572087,
        "narHash": "sha256-jXTut7ZSYqLEgm/nTk7TuVL2ExahTip605bLINklAnQ=",
        "owner": "nix-community",
        "repo": "naersk",
        "rev": "8507af04eb40c5520bd35d9ce6f9d2342cea5ad1",
        "type": "github"
      },
      "original": {
        "owner": "nix-community",
        "repo": "naersk",
        "type": "github"
      }
    },
    "nixpkgs": {
      "locked": {
        "lastModified": 1686398752,
        "narHash": "sha256-nGWNQVhSw4VSL+S0D0cbrNR9vs9Bq7rlYR+1K5f5j6w=",
        "path": "/nix/store/jlbslziyjj8clk62y4pr7fc23amm5npp-source",
        "rev": "a30520bf8eabf8a5c37889d661e67a2dbcaa59e6",
        "type": "path"
      },
      "original": {
        "id": "nixpkgs",
        "type": "indirect"
      }
    },
    "nixpkgs_2": {
      "locked": {
        "lastModified": 1680819799,
        "narHash": "sha256-zuHl2LNr1Bll64zfr7805Yvvu23S1e//5Up0oqvjknY=",
        "owner": "nixos",
        "repo": "nixpkgs",
        "rev": "144133c526040a5140e89366ff72ac2d387e9bbb",
        "type": "github"
      },
      "original": {
        "owner": "nixos",
        "ref": "nixpkgs-unstable",
        "repo": "nixpkgs",
        "type": "github"
      }
    },
    "root": {
      "inputs": {
        "fenix": "fenix",
        "flake-utils": "flake-utils",
        "naersk": "naersk",
        "nixpkgs": "nixpkgs_2"
      }
    },
    "rust-analyzer-src": {
      "flake": false,
      "locked": {
        "lastModified": 1686507294,
        "narHash": "sha256-9ms5EHSQnEWg5MRWf/2KfEqmYdl4ZMYUTwrjSGFyXM0=",
        "owner": "rust-lang",
        "repo": "rust-analyzer",
        "rev": "d567091f472a6c2b55262e25d092f1d43a7a4fae",
        "type": "github"
      },
      "original": {
        "owner": "rust-lang",
        "ref": "nightly",
        "repo": "rust-analyzer",
        "type": "github"
      }
    },
    "systems": {
      "locked": {
        "lastModified": 1681028828,
        "narHash": "sha256-Vy1rq5AaRuLzOxct8nz4T6wlgyUR7zLU309k9mBC768=",
        "owner": "nix-systems",
        "repo": "default",
        "rev": "da67096a3b9bf56a91d16901293e51ba5b49a27e",
        "type": "github"
      },
      "original": {
        "owner": "nix-systems",
        "repo": "default",
        "type": "github"
      }
    }
  },
  "root": "root",
  "version": 7
}
